
Microsoft Visual Studio Solution File, Format Version 12.00
# Visual Studio Version 16
VisualStudioVersion = 16.0.32228.343
MinimumVisualStudioVersion = 10.0.40219.1
Project("{FAE04EC0-301F-11D3-BF4B-00C04F79EFBC}") = "Symulator Assemblera", "Symulator Assemblera\Symulator Assemblera.csproj", "{8D272582-7F24-411F-948B-E6AF0CD3A558}"
EndProject
Global
	GlobalSection(SolutionConfigurationPlatforms) = preSolution
		Debug|Any CPU = Debug|Any CPU
		Release|Any CPU = Release|Any CPU
	EndGlobalSection
	GlobalSection(ProjectConfigurationPlatforms) = postSolution
		{8D272582-7F24-411F-948B-E6AF0CD3A558}.Debug|Any CPU.ActiveCfg = Debug|Any CPU
		{8D272582-7F24-411F-948B-E6AF0CD3A558}.Debug|Any CPU.Build.0 = Debug|Any CPU
		{8D272582-7F24-411F-948B-E6AF0CD3A558}.Release|Any CPU.ActiveCfg = Release|Any CPU
		{8D272582-7F24-411F-948B-E6AF0CD3A558}.Release|Any CPU.Build.0 = Release|Any CPU
	EndGlobalSection
	GlobalSection(SolutionProperties) = preSolution
		HideSolutionNode = FALSE
	EndGlobalSection
	GlobalSection(ExtensibilityGlobals) = postSolution
		SolutionGuid = {516650B3-9363-4ABA-81AD-2DBDDC6F4027}
	EndGlobalSection
EndGlobal
